
Microsoft Visual Studio Solution File, Format Version 12.00
# Visual Studio Version 17
VisualStudioVersion = 17.6.33801.468
MinimumVisualStudioVersion = 10.0.40219.1
Project("{FAE04EC0-301F-11D3-BF4B-00C04F79EFBC}") = "MOOI", "MOOI.csproj", "{951344A1-0A51-4A32-91CC-A64C142C89AB}"
EndProject
Global
	GlobalSection(SolutionConfigurationPlatforms) = preSolution
		Debug|Any CPU = Debug|Any CPU
		MOOI|Any CPU = MOOI|Any CPU
		Release|Any CPU = Release|Any CPU
	EndGlobalSection
	GlobalSection(ProjectConfigurationPlatforms) = postSolution
		{951344A1-0A51-4A32-91CC-A64C142C89AB}.Debug|Any CPU.ActiveCfg = Debug|Any CPU
		{951344A1-0A51-4A32-91CC-A64C142C89AB}.Debug|Any CPU.Build.0 = Debug|Any CPU
		{951344A1-0A51-4A32-91CC-A64C142C89AB}.MOOI|Any CPU.ActiveCfg = MOOI|Any CPU
		{951344A1-0A51-4A32-91CC-A64C142C89AB}.MOOI|Any CPU.Build.0 = MOOI|Any CPU
		{951344A1-0A51-4A32-91CC-A64C142C89AB}.Release|Any CPU.ActiveCfg = Release|Any CPU
		{951344A1-0A51-4A32-91CC-A64C142C89AB}.Release|Any CPU.Build.0 = Release|Any CPU
	EndGlobalSection
	GlobalSection(SolutionProperties) = preSolution
		HideSolutionNode = FALSE
	EndGlobalSection
	GlobalSection(ExtensibilityGlobals) = postSolution
		SolutionGuid = {AF94D74E-F972-418C-B403-56EBAAEAB38E}
	EndGlobalSection
EndGlobal
